<?xml version="1.0" encoding="UTF-8" standalone="yes" ?>
<CodeBlocks_project_file>
	<FileVersion major="1" minor="6" />
	<Project>
		<Option title="audio" />
		<Option pch_mode="2" />
		<Option compiler="gcc" />
		<Option show_notes="0">
			<notes>
				<![CDATA[Faire une class Notes qui serait un vector de Note que l'on pourrais
play stop add new note, randomize it, setTime...

Faire string to note et note to string avec les octave en plus]]>
			</notes>
		</Option>
		<Build>
			<Target title="Debug">
				<Option output="bin/Debug/audio" prefix_auto="1" extension_auto="1" />
				<Option object_output="obj/Debug/" />
				<Option type="1" />
				<Option compiler="gcc" />
				<Compiler>
					<Add option="-g" />
					<Add directory="include" />
					<Add directory="include/games" />
					<Add directory="include/Solfege" />
				</Compiler>
			</Target>
			<Target title="Release">
				<Option output="bin/Release/audio" prefix_auto="1" extension_auto="1" />
				<Option object_output="obj/Release/" />
				<Option type="1" />
				<Option compiler="gcc" />
				<Compiler>
					<Add option="-O2" />
					<Add directory="include" />
					<Add directory="include/games" />
					<Add directory="include/Solfege" />
				</Compiler>
				<Linker>
					<Add option="-s" />
				</Linker>
			</Target>
		</Build>
		<Compiler>
			<Add option="-Wall" />
			<Add directory="/usr/local/include/SFML" />
		</Compiler>
		<Linker>
			<Add option="-lsfml-window" />
			<Add option="-lsfml-graphics" />
			<Add option="-lsfml-system" />
			<Add option="-lsfml-audio" />
			<Add directory="/usr/lib/x86_64-linux-gnu/" />
		</Linker>
		<Unit filename="include/Games.h" />
		<Unit filename="include/Games/Game.h" />
		<Unit filename="include/Games/IntervalGame.h" />
		<Unit filename="include/Rnd.h" />
		<Unit filename="include/Solfege.h" />
		<Unit filename="include/Solfege/Chord.h" />
		<Unit filename="include/Solfege/Interval.h" />
		<Unit filename="include/Solfege/Note.h" />
		<Unit filename="include/Solfege/Notes.h" />
		<Unit filename="include/Solfege/Scale.h" />
		<Unit filename="include/Sound.h" />
		<Unit filename="include/Sound/MySound.h" />
		<Unit filename="include/Sound/Sinusoide.h" />
		<Unit filename="main.cpp" />
		<Unit filename="src/Solfege/Chord.cpp" />
		<Unit filename="src/Solfege/Interval.cpp" />
		<Unit filename="src/Solfege/Note.cpp" />
		<Unit filename="src/Solfege/Scale.cpp" />
		<Unit filename="src/Sound/Sinusoide.cpp" />
		<Unit filename="src/games/IntervalGame.cpp" />
		<Extensions>
			<envvars />
			<code_completion />
			<debugger />
			<DoxyBlocks>
				<comment_style block="0" line="0" />
				<doxyfile_project />
				<doxyfile_build />
				<doxyfile_warnings />
				<doxyfile_output />
				<doxyfile_dot />
				<general />
			</DoxyBlocks>
		</Extensions>
	</Project>
</CodeBlocks_project_file>
